// !$*UTF8*$!
{
	archiveVersion = 1;
	classes = {
	};
	objectVersion = 50;
	objects = {

/* Begin PBXBuildFile section */
		0400B7B92918F1A300DA5C13 /* AppData.swift in Sources */ = {isa = PBXBuildFile; fileRef = 0400B7B82918F1A200DA5C13 /* AppData.swift */; };
		0400B7BB2918F66600DA5C13 /* SplashViewController.swift in Sources */ = {isa = PBXBuildFile; fileRef = 0400B7BA2918F66600DA5C13 /* SplashViewController.swift */; };
		0435B9A7290D15CE002D6B78 /* MenuModel.swift in Sources */ = {isa = PBXBuildFile; fileRef = 0435B9A6290D15CD002D6B78 /* MenuModel.swift */; };
		0435B9AB290D2B57002D6B78 /* MenuTableViewCell.swift in Sources */ = {isa = PBXBuildFile; fileRef = 0435B9A9290D2B57002D6B78 /* MenuTableViewCell.swift */; };
		0435B9AC290D2B57002D6B78 /* MenuTableViewCell.xib in Resources */ = {isa = PBXBuildFile; fileRef = 0435B9AA290D2B57002D6B78 /* MenuTableViewCell.xib */; };
		0435B9B0290D2DB4002D6B78 /* SettingTableViewCell.swift in Sources */ = {isa = PBXBuildFile; fileRef = 0435B9AE290D2DB4002D6B78 /* SettingTableViewCell.swift */; };
		0435B9B1290D2DB4002D6B78 /* SettingTableViewCell.xib in Resources */ = {isa = PBXBuildFile; fileRef = 0435B9AF290D2DB4002D6B78 /* SettingTableViewCell.xib */; };
		04658F5029125B7800C18648 /* CarousalTableViewCell.swift in Sources */ = {isa = PBXBuildFile; fileRef = 04658F4E29125B7800C18648 /* CarousalTableViewCell.swift */; };
		04658F5129125B7800C18648 /* CarousalTableViewCell.xib in Resources */ = {isa = PBXBuildFile; fileRef = 04658F4F29125B7800C18648 /* CarousalTableViewCell.xib */; };
		04658F572912745300C18648 /* ImageCollectionViewCell.swift in Sources */ = {isa = PBXBuildFile; fileRef = 04658F552912745300C18648 /* ImageCollectionViewCell.swift */; };
		04658F582912745300C18648 /* ImageCollectionViewCell.xib in Resources */ = {isa = PBXBuildFile; fileRef = 04658F562912745300C18648 /* ImageCollectionViewCell.xib */; };
		0470E2B0290FA5F100E91E6C /* HomeModel.swift in Sources */ = {isa = PBXBuildFile; fileRef = 0470E2AF290FA5F100E91E6C /* HomeModel.swift */; };
		04792D06291664E2007DCE73 /* settingitemTableViewCell.swift in Sources */ = {isa = PBXBuildFile; fileRef = 04792D04291664E1007DCE73 /* settingitemTableViewCell.swift */; };
		04792D07291664E2007DCE73 /* settingitemTableViewCell.xib in Resources */ = {isa = PBXBuildFile; fileRef = 04792D05291664E2007DCE73 /* settingitemTableViewCell.xib */; };
		04F72A30290A69900079151A /* AppDelegate.swift in Sources */ = {isa = PBXBuildFile; fileRef = 04F72A2F290A69900079151A /* AppDelegate.swift */; };
		04F72A32290A69900079151A /* SceneDelegate.swift in Sources */ = {isa = PBXBuildFile; fileRef = 04F72A31290A69900079151A /* SceneDelegate.swift */; };
		04F72A37290A69910079151A /* Main.storyboard in Resources */ = {isa = PBXBuildFile; fileRef = 04F72A35290A69910079151A /* Main.storyboard */; };
		04F72A39290A69A70079151A /* Assets.xcassets in Resources */ = {isa = PBXBuildFile; fileRef = 04F72A38290A69A70079151A /* Assets.xcassets */; };
		04F72A3C290A69A70079151A /* LaunchScreen.storyboard in Resources */ = {isa = PBXBuildFile; fileRef = 04F72A3A290A69A70079151A /* LaunchScreen.storyboard */; };
		04F72A44290B95920079151A /* RootViewController.swift in Sources */ = {isa = PBXBuildFile; fileRef = 04F72A43290B95920079151A /* RootViewController.swift */; };
		04F72A46290B95C40079151A /* RegisterViewController.swift in Sources */ = {isa = PBXBuildFile; fileRef = 04F72A45290B95C40079151A /* RegisterViewController.swift */; };
		04F72A48290B96190079151A /* LoginViewController.swift in Sources */ = {isa = PBXBuildFile; fileRef = 04F72A47290B96190079151A /* LoginViewController.swift */; };
		04F72A4A290BB31A0079151A /* Constants.swift in Sources */ = {isa = PBXBuildFile; fileRef = 04F72A49290BB31A0079151A /* Constants.swift */; };
/* End PBXBuildFile section */

/* Begin PBXFileReference section */
		0400B7B82918F1A200DA5C13 /* AppData.swift */ = {isa = PBXFileReference; lastKnownFileType = sourcecode.swift; path = AppData.swift; sourceTree = "<group>"; };
		0400B7BA2918F66600DA5C13 /* SplashViewController.swift */ = {isa = PBXFileReference; lastKnownFileType = sourcecode.swift; path = SplashViewController.swift; sourceTree = "<group>"; };
		0435B9A6290D15CD002D6B78 /* MenuModel.swift */ = {isa = PBXFileReference; lastKnownFileType = sourcecode.swift; path = MenuModel.swift; sourceTree = "<group>"; };
		0435B9A9290D2B57002D6B78 /* MenuTableViewCell.swift */ = {isa = PBXFileReference; lastKnownFileType = sourcecode.swift; path = MenuTableViewCell.swift; sourceTree = "<group>"; };
		0435B9AA290D2B57002D6B78 /* MenuTableViewCell.xib */ = {isa = PBXFileReference; lastKnownFileType = file.xib; path = MenuTableViewCell.xib; sourceTree = "<group>"; };
		0435B9AE290D2DB4002D6B78 /* SettingTableViewCell.swift */ = {isa = PBXFileReference; lastKnownFileType = sourcecode.swift; path = SettingTableViewCell.swift; sourceTree = "<group>"; };
		0435B9AF290D2DB4002D6B78 /* SettingTableViewCell.xib */ = {isa = PBXFileReference; lastKnownFileType = file.xib; path = SettingTableViewCell.xib; sourceTree = "<group>"; };
		04658F4E29125B7800C18648 /* CarousalTableViewCell.swift */ = {isa = PBXFileReference; lastKnownFileType = sourcecode.swift; path = CarousalTableViewCell.swift; sourceTree = "<group>"; };
		04658F4F29125B7800C18648 /* CarousalTableViewCell.xib */ = {isa = PBXFileReference; lastKnownFileType = file.xib; path = CarousalTableViewCell.xib; sourceTree = "<group>"; };
		04658F552912745300C18648 /* ImageCollectionViewCell.swift */ = {isa = PBXFileReference; lastKnownFileType = sourcecode.swift; path = ImageCollectionViewCell.swift; sourceTree = "<group>"; };
		04658F562912745300C18648 /* ImageCollectionViewCell.xib */ = {isa = PBXFileReference; lastKnownFileType = file.xib; path = ImageCollectionViewCell.xib; sourceTree = "<group>"; };
		0470E2AF290FA5F100E91E6C /* HomeModel.swift */ = {isa = PBXFileReference; lastKnownFileType = sourcecode.swift; path = HomeModel.swift; sourceTree = "<group>"; };
		04792D04291664E1007DCE73 /* settingitemTableViewCell.swift */ = {isa = PBXFileReference; lastKnownFileType = sourcecode.swift; path = settingitemTableViewCell.swift; sourceTree = "<group>"; };
		04792D05291664E2007DCE73 /* settingitemTableViewCell.xib */ = {isa = PBXFileReference; lastKnownFileType = file.xib; path = settingitemTableViewCell.xib; sourceTree = "<group>"; };
		04F72A2C290A69900079151A /* movieapp.app */ = {isa = PBXFileReference; explicitFileType = wrapper.application; includeInIndex = 0; path = movieapp.app; sourceTree = BUILT_PRODUCTS_DIR; };
		04F72A2F290A69900079151A /* AppDelegate.swift */ = {isa = PBXFileReference; lastKnownFileType = sourcecode.swift; path = AppDelegate.swift; sourceTree = "<group>"; };
		04F72A31290A69900079151A /* SceneDelegate.swift */ = {isa = PBXFileReference; lastKnownFileType = sourcecode.swift; path = SceneDelegate.swift; sourceTree = "<group>"; };
		04F72A36290A69910079151A /* Base */ = {isa = PBXFileReference; lastKnownFileType = file.storyboard; name = Base; path = Base.lproj/Main.storyboard; sourceTree = "<group>"; };
		04F72A38290A69A70079151A /* Assets.xcassets */ = {isa = PBXFileReference; lastKnownFileType = folder.assetcatalog; path = Assets.xcassets; sourceTree = "<group>"; };
		04F72A3B290A69A70079151A /* Base */ = {isa = PBXFileReference; lastKnownFileType = file.storyboard; name = Base; path = Base.lproj/LaunchScreen.storyboard; sourceTree = "<group>"; };
		04F72A3D290A69A70079151A /* Info.plist */ = {isa = PBXFileReference; lastKnownFileType = text.plist.xml; path = Info.plist; sourceTree = "<group>"; };
		04F72A43290B95920079151A /* RootViewController.swift */ = {isa = PBXFileReference; lastKnownFileType = sourcecode.swift; path = RootViewController.swift; sourceTree = "<group>"; };
		04F72A45290B95C40079151A /* RegisterViewController.swift */ = {isa = PBXFileReference; lastKnownFileType = sourcecode.swift; path = RegisterViewController.swift; sourceTree = "<group>"; };
		04F72A47290B96190079151A /* LoginViewController.swift */ = {isa = PBXFileReference; lastKnownFileType = sourcecode.swift; path = LoginViewController.swift; sourceTree = "<group>"; };
		04F72A49290BB31A0079151A /* Constants.swift */ = {isa = PBXFileReference; lastKnownFileType = sourcecode.swift; path = Constants.swift; sourceTree = "<group>"; };
/* End PBXFileReference section */

/* Begin PBXFrameworksBuildPhase section */
		04F72A29290A69900079151A /* Frameworks */ = {
			isa = PBXFrameworksBuildPhase;
			buildActionMask = 2147483647;
			files = (
			);
			runOnlyForDeploymentPostprocessing = 0;
		};
/* End PBXFrameworksBuildPhase section */

/* Begin PBXGroup section */
		0435B9A8290D2AB7002D6B78 /* MenuCell */ = {
			isa = PBXGroup;
			children = (
				0435B9A9290D2B57002D6B78 /* MenuTableViewCell.swift */,
				0435B9AA290D2B57002D6B78 /* MenuTableViewCell.xib */,
			);
			path = MenuCell;
			sourceTree = "<group>";
		};
		0435B9AD290D2CF7002D6B78 /* SettingCell */ = {
			isa = PBXGroup;
			children = (
				0435B9AE290D2DB4002D6B78 /* SettingTableViewCell.swift */,
				0435B9AF290D2DB4002D6B78 /* SettingTableViewCell.xib */,
			);
			path = SettingCell;
			sourceTree = "<group>";
		};
		04658F4D29125AFA00C18648 /* HomeCarousal */ = {
			isa = PBXGroup;
			children = (
				04658F4E29125B7800C18648 /* CarousalTableViewCell.swift */,
				04658F4F29125B7800C18648 /* CarousalTableViewCell.xib */,
			);
			path = HomeCarousal;
			sourceTree = "<group>";
		};
		04658F522912739B00C18648 /* ImageCell */ = {
			isa = PBXGroup;
			children = (
				04658F552912745300C18648 /* ImageCollectionViewCell.swift */,
				04658F562912745300C18648 /* ImageCollectionViewCell.xib */,
				04658F4D29125AFA00C18648 /* HomeCarousal */,
			);
			path = ImageCell;
			sourceTree = "<group>";
		};
		04792D0329166453007DCE73 /* Settingitem */ = {
			isa = PBXGroup;
			children = (
				04792D04291664E1007DCE73 /* settingitemTableViewCell.swift */,
				04792D05291664E2007DCE73 /* settingitemTableViewCell.xib */,
			);
			path = Settingitem;
			sourceTree = "<group>";
		};
		04F72A23290A69900079151A = {
			isa = PBXGroup;
			children = (
				04F72A2E290A69900079151A /* movieapp */,
				04F72A2D290A69900079151A /* Products */,
			);
			sourceTree = "<group>";
		};
		04F72A2D290A69900079151A /* Products */ = {
			isa = PBXGroup;
			children = (
				04F72A2C290A69900079151A /* movieapp.app */,
			);
			name = Products;
			sourceTree = "<group>";
		};
		04F72A2E290A69900079151A /* movieapp */ = {
			isa = PBXGroup;
			children = (
				04F72A2F290A69900079151A /* AppDelegate.swift */,
				04F72A31290A69900079151A /* SceneDelegate.swift */,
				04F72A43290B95920079151A /* RootViewController.swift */,
				0400B7BA2918F66600DA5C13 /* SplashViewController.swift */,
				0400B7B82918F1A200DA5C13 /* AppData.swift */,
				0435B9A6290D15CD002D6B78 /* MenuModel.swift */,
				0470E2AF290FA5F100E91E6C /* HomeModel.swift */,
				04F72A47290B96190079151A /* LoginViewController.swift */,
				04F72A49290BB31A0079151A /* Constants.swift */,
				04F72A45290B95C40079151A /* RegisterViewController.swift */,
				04F72A35290A69910079151A /* Main.storyboard */,
				04792D0329166453007DCE73 /* Settingitem */,
				04658F522912739B00C18648 /* ImageCell */,
				0435B9AD290D2CF7002D6B78 /* SettingCell */,
				0435B9A8290D2AB7002D6B78 /* MenuCell */,
				04F72A38290A69A70079151A /* Assets.xcassets */,
				04F72A3A290A69A70079151A /* LaunchScreen.storyboard */,
				04F72A3D290A69A70079151A /* Info.plist */,
			);
			path = movieapp;
			sourceTree = "<group>";
		};
/* End PBXGroup section */

/* Begin PBXNativeTarget section */
		04F72A2B290A69900079151A /* movieapp */ = {
			isa = PBXNativeTarget;
			buildConfigurationList = 04F72A40290A69A70079151A /* Build configuration list for PBXNativeTarget "movieapp" */;
			buildPhases = (
				04F72A28290A69900079151A /* Sources */,
				04F72A29290A69900079151A /* Frameworks */,
				04F72A2A290A69900079151A /* Resources */,
			);
			buildRules = (
			);
			dependencies = (
			);
			name = movieapp;
			productName = movieapp;
			productReference = 04F72A2C290A69900079151A /* movieapp.app */;
			productType = "com.apple.product-type.application";
		};
/* End PBXNativeTarget section */

/* Begin PBXProject section */
		04F72A24290A69900079151A /* Project object */ = {
			isa = PBXProject;
			attributes = {
				LastSwiftUpdateCheck = 1250;
				LastUpgradeCheck = 1250;
				TargetAttributes = {
					04F72A2B290A69900079151A = {
						CreatedOnToolsVersion = 12.5.1;
					};
				};
			};
			buildConfigurationList = 04F72A27290A69900079151A /* Build configuration list for PBXProject "movieapp" */;
			compatibilityVersion = "Xcode 9.3";
			developmentRegion = en;
			hasScannedForEncodings = 0;
			knownRegions = (
				en,
				Base,
			);
			mainGroup = 04F72A23290A69900079151A;
			productRefGroup = 04F72A2D290A69900079151A /* Products */;
			projectDirPath = "";
			projectRoot = "";
			targets = (
				04F72A2B290A69900079151A /* movieapp */,
			);
		};
/* End PBXProject section */

/* Begin PBXResourcesBuildPhase section */
		04F72A2A290A69900079151A /* Resources */ = {
			isa = PBXResourcesBuildPhase;
			buildActionMask = 2147483647;
			files = (
				04F72A3C290A69A70079151A /* LaunchScreen.storyboard in Resources */,
				04658F5129125B7800C18648 /* CarousalTableViewCell.xib in Resources */,
				04F72A39290A69A70079151A /* Assets.xcassets in Resources */,
				04658F582912745300C18648 /* ImageCollectionViewCell.xib in Resources */,
				0435B9AC290D2B57002D6B78 /* MenuTableViewCell.xib in Resources */,
				04792D07291664E2007DCE73 /* settingitemTableViewCell.xib in Resources */,
				0435B9B1290D2DB4002D6B78 /* SettingTableViewCell.xib in Resources */,
				04F72A37290A69910079151A /* Main.storyboard in Resources */,
			);
			runOnlyForDeploymentPostprocessing = 0;
		};
/* End PBXResourcesBuildPhase section */

/* Begin PBXSourcesBuildPhase section */
		04F72A28290A69900079151A /* Sources */ = {
			isa = PBXSourcesBuildPhase;
			buildActionMask = 2147483647;
			files = (
				04F72A48290B96190079151A /* LoginViewController.swift in Sources */,
				04792D06291664E2007DCE73 /* settingitemTableViewCell.swift in Sources */,
				04F72A46290B95C40079151A /* RegisterViewController.swift in Sources */,
				0435B9AB290D2B57002D6B78 /* MenuTableViewCell.swift in Sources */,
				0435B9B0290D2DB4002D6B78 /* SettingTableViewCell.swift in Sources */,
				04F72A30290A69900079151A /* AppDelegate.swift in Sources */,
				04658F5029125B7800C18648 /* CarousalTableViewCell.swift in Sources */,
				04658F572912745300C18648 /* ImageCollectionViewCell.swift in Sources */,
				0435B9A7290D15CE002D6B78 /* MenuModel.swift in Sources */,
				0400B7BB2918F66600DA5C13 /* SplashViewController.swift in Sources */,
				04F72A4A290BB31A0079151A /* Constants.swift in Sources */,
				04F72A44290B95920079151A /* RootViewController.swift in Sources */,
				0470E2B0290FA5F100E91E6C /* HomeModel.swift in Sources */,
				04F72A32290A69900079151A /* SceneDelegate.swift in Sources */,
				0400B7B92918F1A300DA5C13 /* AppData.swift in Sources */,
			);
			runOnlyForDeploymentPostprocessing = 0;
		};
/* End PBXSourcesBuildPhase section */

/* Begin PBXVariantGroup section */
		04F72A35290A69910079151A /* Main.storyboard */ = {
			isa = PBXVariantGroup;
			children = (
				04F72A36290A69910079151A /* Base */,
			);
			name = Main.storyboard;
			sourceTree = "<group>";
		};
		04F72A3A290A69A70079151A /* LaunchScreen.storyboard */ = {
			isa = PBXVariantGroup;
			children = (
				04F72A3B290A69A70079151A /* Base */,
			);
			name = LaunchScreen.storyboard;
			sourceTree = "<group>";
		};
/* End PBXVariantGroup section */

/* Begin XCBuildConfiguration section */
		04F72A3E290A69A70079151A /* Debug */ = {
			isa = XCBuildConfiguration;
			buildSettings = {
				ALWAYS_SEARCH_USER_PATHS = NO;
				CLANG_ANALYZER_NONNULL = YES;
				CLANG_ANALYZER_NUMBER_OBJECT_CONVERSION = YES_AGGRESSIVE;
				CLANG_CXX_LANGUAGE_STANDARD = "gnu++14";
				CLANG_CXX_LIBRARY = "libc++";
				CLANG_ENABLE_MODULES = YES;
				CLANG_ENABLE_OBJC_ARC = YES;
				CLANG_ENABLE_OBJC_WEAK = YES;
				CLANG_WARN_BLOCK_CAPTURE_AUTORELEASING = YES;
				CLANG_WARN_BOOL_CONVERSION = YES;
				CLANG_WARN_COMMA = YES;
				CLANG_WARN_CONSTANT_CONVERSION = YES;
				CLANG_WARN_DEPRECATED_OBJC_IMPLEMENTATIONS = YES;
				CLANG_WARN_DIRECT_OBJC_ISA_USAGE = YES_ERROR;
				CLANG_WARN_DOCUMENTATION_COMMENTS = YES;
				CLANG_WARN_EMPTY_BODY = YES;
				CLANG_WARN_ENUM_CONVERSION = YES;
				CLANG_WARN_INFINITE_RECURSION = YES;
				CLANG_WARN_INT_CONVERSION = YES;
				CLANG_WARN_NON_LITERAL_NULL_CONVERSION = YES;
				CLANG_WARN_OBJC_IMPLICIT_RETAIN_SELF = YES;
				CLANG_WARN_OBJC_LITERAL_CONVERSION = YES;
				CLANG_WARN_OBJC_ROOT_CLASS = YES_ERROR;
				CLANG_WARN_QUOTED_INCLUDE_IN_FRAMEWORK_HEADER = YES;
				CLANG_WARN_RANGE_LOOP_ANALYSIS = YES;
				CLANG_WARN_STRICT_PROTOTYPES = YES;
				CLANG_WARN_SUSPICIOUS_MOVE = YES;
				CLANG_WARN_UNGUARDED_AVAILABILITY = YES_AGGRESSIVE;
				CLANG_WARN_UNREACHABLE_CODE = YES;
				CLANG_WARN__DUPLICATE_METHOD_MATCH = YES;
				COPY_PHASE_STRIP = NO;
				DEBUG_INFORMATION_FORMAT = dwarf;
				ENABLE_STRICT_OBJC_MSGSEND = YES;
				ENABLE_TESTABILITY = YES;
				GCC_C_LANGUAGE_STANDARD = gnu11;
				GCC_DYNAMIC_NO_PIC = NO;
				GCC_NO_COMMON_BLOCKS = YES;
				GCC_OPTIMIZATION_LEVEL = 0;
				GCC_PREPROCESSOR_DEFINITIONS = (
					"DEBUG=1",
					"$(inherited)",
				);
				GCC_WARN_64_TO_32_BIT_CONVERSION = YES;
				GCC_WARN_ABOUT_RETURN_TYPE = YES_ERROR;
				GCC_WARN_UNDECLARED_SELECTOR = YES;
				GCC_WARN_UNINITIALIZED_AUTOS = YES_AGGRESSIVE;
				GCC_WARN_UNUSED_FUNCTION = YES;
				GCC_WARN_UNUSED_VARIABLE = YES;
				IPHONEOS_DEPLOYMENT_TARGET = 14.5;
				MTL_ENABLE_DEBUG_INFO = INCLUDE_SOURCE;
				MTL_FAST_MATH = YES;
				ONLY_ACTIVE_ARCH = YES;
				SDKROOT = iphoneos;
				SWIFT_ACTIVE_COMPILATION_CONDITIONS = DEBUG;
				SWIFT_OPTIMIZATION_LEVEL = "-Onone";
			};
			name = Debug;
		};
		04F72A3F290A69A70079151A /* Release */ = {
			isa = XCBuildConfiguration;
			buildSettings = {
				ALWAYS_SEARCH_USER_PATHS = NO;
				CLANG_ANALYZER_NONNULL = YES;
				CLANG_ANALYZER_NUMBER_OBJECT_CONVERSION = YES_AGGRESSIVE;
				CLANG_CXX_LANGUAGE_STANDARD = "gnu++14";
				CLANG_CXX_LIBRARY = "libc++";
				CLANG_ENABLE_MODULES = YES;
				CLANG_ENABLE_OBJC_ARC = YES;
				CLANG_ENABLE_OBJC_WEAK = YES;
				CLANG_WARN_BLOCK_CAPTURE_AUTORELEASING = YES;
				CLANG_WARN_BOOL_CONVERSION = YES;
				CLANG_WARN_COMMA = YES;
				CLANG_WARN_CONSTANT_CONVERSION = YES;
				CLANG_WARN_DEPRECATED_OBJC_IMPLEMENTATIONS = YES;
				CLANG_WARN_DIRECT_OBJC_ISA_USAGE = YES_ERROR;
				CLANG_WARN_DOCUMENTATION_COMMENTS = YES;
				CLANG_WARN_EMPTY_BODY = YES;
				CLANG_WARN_ENUM_CONVERSION = YES;
				CLANG_WARN_INFINITE_RECURSION = YES;
				CLANG_WARN_INT_CONVERSION = YES;
				CLANG_WARN_NON_LITERAL_NULL_CONVERSION = YES;
				CLANG_WARN_OBJC_IMPLICIT_RETAIN_SELF = YES;
				CLANG_WARN_OBJC_LITERAL_CONVERSION = YES;
				CLANG_WARN_OBJC_ROOT_CLASS = YES_ERROR;
				CLANG_WARN_QUOTED_INCLUDE_IN_FRAMEWORK_HEADER = YES;
				CLANG_WARN_RANGE_LOOP_ANALYSIS = YES;
				CLANG_WARN_STRICT_PROTOTYPES = YES;
				CLANG_WARN_SUSPICIOUS_MOVE = YES;
				CLANG_WARN_UNGUARDED_AVAILABILITY = YES_AGGRESSIVE;
				CLANG_WARN_UNREACHABLE_CODE = YES;
				CLANG_WARN__DUPLICATE_METHOD_MATCH = YES;
				COPY_PHASE_STRIP = NO;
				DEBUG_INFORMATION_FORMAT = "dwarf-with-dsym";
				ENABLE_NS_ASSERTIONS = NO;
				ENABLE_STRICT_OBJC_MSGSEND = YES;
				GCC_C_LANGUAGE_STANDARD = gnu11;
				GCC_NO_COMMON_BLOCKS = YES;
				GCC_WARN_64_TO_32_BIT_CONVERSION = YES;
				GCC_WARN_ABOUT_RETURN_TYPE = YES_ERROR;
				GCC_WARN_UNDECLARED_SELECTOR = YES;
				GCC_WARN_UNINITIALIZED_AUTOS = YES_AGGRESSIVE;
				GCC_WARN_UNUSED_FUNCTION = YES;
				GCC_WARN_UNUSED_VARIABLE = YES;
				IPHONEOS_DEPLOYMENT_TARGET = 14.5;
				MTL_ENABLE_DEBUG_INFO = NO;
				MTL_FAST_MATH = YES;
				SDKROOT = iphoneos;
				SWIFT_COMPILATION_MODE = wholemodule;
				SWIFT_OPTIMIZATION_LEVEL = "-O";
				VALIDATE_PRODUCT = YES;
			};
			name = Release;
		};
		04F72A41290A69A70079151A /* Debug */ = {
			isa = XCBuildConfiguration;
			buildSettings = {
				ASSETCATALOG_COMPILER_APPICON_NAME = AppIcon;
				ASSETCATALOG_COMPILER_GLOBAL_ACCENT_COLOR_NAME = AccentColor;
				CODE_SIGN_STYLE = Automatic;
				INFOPLIST_FILE = movieapp/Info.plist;
				LD_RUNPATH_SEARCH_PATHS = (
					"$(inherited)",
					"@executable_path/Frameworks",
				);
				PRODUCT_BUNDLE_IDENTIFIER = Bhanu.movieapp;
				PRODUCT_NAME = "$(TARGET_NAME)";
				SWIFT_VERSION = 5.0;
				TARGETED_DEVICE_FAMILY = "1,2";
			};
			name = Debug;
		};
		04F72A42290A69A70079151A /* Release */ = {
			isa = XCBuildConfiguration;
			buildSettings = {
				ASSETCATALOG_COMPILER_APPICON_NAME = AppIcon;
				ASSETCATALOG_COMPILER_GLOBAL_ACCENT_COLOR_NAME = AccentColor;
				CODE_SIGN_STYLE = Automatic;
				INFOPLIST_FILE = movieapp/Info.plist;
				LD_RUNPATH_SEARCH_PATHS = (
					"$(inherited)",
					"@executable_path/Frameworks",
				);
				PRODUCT_BUNDLE_IDENTIFIER = Bhanu.movieapp;
				PRODUCT_NAME = "$(TARGET_NAME)";
				SWIFT_VERSION = 5.0;
				TARGETED_DEVICE_FAMILY = "1,2";
			};
			name = Release;
		};
/* End XCBuildConfiguration section */

/* Begin XCConfigurationList section */
		04F72A27290A69900079151A /* Build configuration list for PBXProject "movieapp" */ = {
			isa = XCConfigurationList;
			buildConfigurations = (
				04F72A3E290A69A70079151A /* Debug */,
				04F72A3F290A69A70079151A /* Release */,
			);
			defaultConfigurationIsVisible = 0;
			defaultConfigurationName = Release;
		};
		04F72A40290A69A70079151A /* Build configuration list for PBXNativeTarget "movieapp" */ = {
			isa = XCConfigurationList;
			buildConfigurations = (
				04F72A41290A69A70079151A /* Debug */,
				04F72A42290A69A70079151A /* Release */,
			);
			defaultConfigurationIsVisible = 0;
			defaultConfigurationName = Release;
		};
/* End XCConfigurationList section */
	};
	rootObject = 04F72A24290A69900079151A /* Project object */;
}
